# THIS IS AN AUTOGENERATED FILE. DO NOT EDIT THIS FILE DIRECTLY.
# yarn lockfile v1


ieee754@^1.1.6:
  version "1.1.12"
  resolved "https://registry.yarnpkg.com/ieee754/-/ieee754-1.1.12.tgz#50bf24e5b9c8bb98af4964c941cdb0918da7b60b"

ol@^5.2.0:
  version "5.2.0"
  resolved "https://registry.yarnpkg.com/ol/-/ol-5.2.0.tgz#5659ba9762def144deb8dcba97357aa5f8cc8a05"
  dependencies:
    pbf "3.1.0"
    pixelworks "1.1.0"
    rbush "2.0.2"

pbf@3.1.0:
  version "3.1.0"
  resolved "https://registry.yarnpkg.com/pbf/-/pbf-3.1.0.tgz#f70004badcb281761eabb1e76c92f179f08189e9"
  dependencies:
    ieee754 "^1.1.6"
    resolve-protobuf-schema "^2.0.0"

pixelworks@1.1.0:
  version "1.1.0"
  resolved "https://registry.yarnpkg.com/pixelworks/-/pixelworks-1.1.0.tgz#1f095ad48dca8bf8a1c8258e0092031a44f22ca5"

protocol-buffers-schema@^3.3.1:
  version "3.3.2"
  resolved "https://registry.yarnpkg.com/protocol-buffers-schema/-/protocol-buffers-schema-3.3.2.tgz#00434f608b4e8df54c59e070efeefc37fb4bb859"

quickselect@^1.0.1:
  version "1.1.1"
  resolved "https://registry.yarnpkg.com/quickselect/-/quickselect-1.1.1.tgz#852e412ce418f237ad5b660d70cffac647ae94c2"

rbush@2.0.2:
  version "2.0.2"
  resolved "https://registry.yarnpkg.com/rbush/-/rbush-2.0.2.tgz#bb6005c2731b7ba1d5a9a035772927d16a614605"
  dependencies:
    quickselect "^1.0.1"

resolve-protobuf-schema@^2.0.0:
  version "2.1.0"
  resolved "https://registry.yarnpkg.com/resolve-protobuf-schema/-/resolve-protobuf-schema-2.1.0.tgz#9ca9a9e69cf192bbdaf1006ec1973948aa4a3758"
  dependencies:
    protocol-buffers-schema "^3.3.1"
